
Microsoft Visual Studio Solution File, Format Version 12.00
Project("{FAE04EC0-301F-11D3-BF4B-00C04F79EFBC}") = "dweb", "dweb\dweb.csproj", "{EBBF1B19-A183-4172-89D5-3B4EB438FFF9}"
EndProject
Global
	GlobalSection(SolutionConfigurationPlatforms) = preSolution
		Debug|Any CPU = Debug|Any CPU
		Release|Any CPU = Release|Any CPU
	EndGlobalSection
	GlobalSection(ProjectConfigurationPlatforms) = postSolution
		{EBBF1B19-A183-4172-89D5-3B4EB438FFF9}.Debug|Any CPU.ActiveCfg = Debug|Any CPU
		{EBBF1B19-A183-4172-89D5-3B4EB438FFF9}.Debug|Any CPU.Build.0 = Debug|Any CPU
		{EBBF1B19-A183-4172-89D5-3B4EB438FFF9}.Release|Any CPU.ActiveCfg = Release|Any CPU
		{EBBF1B19-A183-4172-89D5-3B4EB438FFF9}.Release|Any CPU.Build.0 = Release|Any CPU
	EndGlobalSection
EndGlobal
